// !$*UTF8*$!
{
	archiveVersion = 1;
	classes = {
	};
	objectVersion = 56;
	objects = {

/* Begin PBXBuildFile section */
		2B92440A2921FD7B005FA5C1 /* AppDelegate.swift in Sources */ = {isa = PBXBuildFile; fileRef = 2B9244092921FD7B005FA5C1 /* AppDelegate.swift */; };
		2B92440C2921FD7B005FA5C1 /* SceneDelegate.swift in Sources */ = {isa = PBXBuildFile; fileRef = 2B92440B2921FD7B005FA5C1 /* SceneDelegate.swift */; };
		2B9244132921FD80005FA5C1 /* Assets.xcassets in Resources */ = {isa = PBXBuildFile; fileRef = 2B9244122921FD80005FA5C1 /* Assets.xcassets */; };
		2B9244162921FD80005FA5C1 /* LaunchScreen.storyboard in Resources */ = {isa = PBXBuildFile; fileRef = 2B9244142921FD80005FA5C1 /* LaunchScreen.storyboard */; };
		2BED9FE22927518100BB8722 /* FavoritesUIViewController.swift in Sources */ = {isa = PBXBuildFile; fileRef = 2BED9FE12927518100BB8722 /* FavoritesUIViewController.swift */; };
		2BED9FE4292751C400BB8722 /* SearchUIViewController.swift in Sources */ = {isa = PBXBuildFile; fileRef = 2BED9FE3292751C400BB8722 /* SearchUIViewController.swift */; };
		2BED9FE6292B57CD00BB8722 /* ButtonUIButton.swift in Sources */ = {isa = PBXBuildFile; fileRef = 2BED9FE5292B57CD00BB8722 /* ButtonUIButton.swift */; };
		2BED9FE8292C118800BB8722 /* UsernameUITextField.swift in Sources */ = {isa = PBXBuildFile; fileRef = 2BED9FE7292C118800BB8722 /* UsernameUITextField.swift */; };
		2BED9FEA292C79E600BB8722 /* FollowersUICollectionViewViewController.swift in Sources */ = {isa = PBXBuildFile; fileRef = 2BED9FE9292C79E600BB8722 /* FollowersUICollectionViewViewController.swift */; };
		2BED9FEC292C9A7700BB8722 /* TitleUILabel.swift in Sources */ = {isa = PBXBuildFile; fileRef = 2BED9FEB292C9A7700BB8722 /* TitleUILabel.swift */; };
		2BED9FEE292C9E0100BB8722 /* BodyUILabel.swift in Sources */ = {isa = PBXBuildFile; fileRef = 2BED9FED292C9E0100BB8722 /* BodyUILabel.swift */; };
		2BED9FF0292C9F7800BB8722 /* AlertUIViewController.swift in Sources */ = {isa = PBXBuildFile; fileRef = 2BED9FEF292C9F7800BB8722 /* AlertUIViewController.swift */; };
		2BED9FF2292CB31600BB8722 /* ExtensionUIViewcontroller.swift in Sources */ = {isa = PBXBuildFile; fileRef = 2BED9FF1292CB31600BB8722 /* ExtensionUIViewcontroller.swift */; };
		2BED9FF6292DC0F500BB8722 /* ContainerUIView.swift in Sources */ = {isa = PBXBuildFile; fileRef = 2BED9FF5292DC0F500BB8722 /* ContainerUIView.swift */; };
		2BED9FF8292EAE9700BB8722 /* FollowerModel.swift in Sources */ = {isa = PBXBuildFile; fileRef = 2BED9FF7292EAE9700BB8722 /* FollowerModel.swift */; };
		2BED9FFA292EB34100BB8722 /* UserModel.swift in Sources */ = {isa = PBXBuildFile; fileRef = 2BED9FF9292EB34100BB8722 /* UserModel.swift */; };
		2BED9FFC292EB93500BB8722 /* NetworkSingleton.swift in Sources */ = {isa = PBXBuildFile; fileRef = 2BED9FFB292EB93500BB8722 /* NetworkSingleton.swift */; };
		2BEDA000292F1B0C00BB8722 /* ErrorMessageEnum.swift in Sources */ = {isa = PBXBuildFile; fileRef = 2BED9FFF292F1B0C00BB8722 /* ErrorMessageEnum.swift */; };
		2BEDA0052930B32E00BB8722 /* FollowerCollectionViewCell.swift in Sources */ = {isa = PBXBuildFile; fileRef = 2BEDA0042930B32E00BB8722 /* FollowerCollectionViewCell.swift */; };
		2BEDA0072930B49700BB8722 /* AvatarUIImageView.swift in Sources */ = {isa = PBXBuildFile; fileRef = 2BEDA0062930B49700BB8722 /* AvatarUIImageView.swift */; };
/* End PBXBuildFile section */

/* Begin PBXFileReference section */
		2B9244062921FD7B005FA5C1 /* Github Followers.app */ = {isa = PBXFileReference; explicitFileType = wrapper.application; includeInIndex = 0; path = "Github Followers.app"; sourceTree = BUILT_PRODUCTS_DIR; };
		2B9244092921FD7B005FA5C1 /* AppDelegate.swift */ = {isa = PBXFileReference; lastKnownFileType = sourcecode.swift; path = AppDelegate.swift; sourceTree = "<group>"; };
		2B92440B2921FD7B005FA5C1 /* SceneDelegate.swift */ = {isa = PBXFileReference; lastKnownFileType = sourcecode.swift; path = SceneDelegate.swift; sourceTree = "<group>"; };
		2B9244122921FD80005FA5C1 /* Assets.xcassets */ = {isa = PBXFileReference; lastKnownFileType = folder.assetcatalog; path = Assets.xcassets; sourceTree = "<group>"; };
		2B9244152921FD80005FA5C1 /* Base */ = {isa = PBXFileReference; lastKnownFileType = file.storyboard; name = Base; path = Base.lproj/LaunchScreen.storyboard; sourceTree = "<group>"; };
		2B9244172921FD80005FA5C1 /* Info.plist */ = {isa = PBXFileReference; lastKnownFileType = text.plist.xml; path = Info.plist; sourceTree = "<group>"; };
		2BED9FE12927518100BB8722 /* FavoritesUIViewController.swift */ = {isa = PBXFileReference; lastKnownFileType = sourcecode.swift; path = FavoritesUIViewController.swift; sourceTree = "<group>"; };
		2BED9FE3292751C400BB8722 /* SearchUIViewController.swift */ = {isa = PBXFileReference; lastKnownFileType = sourcecode.swift; path = SearchUIViewController.swift; sourceTree = "<group>"; };
		2BED9FE5292B57CD00BB8722 /* ButtonUIButton.swift */ = {isa = PBXFileReference; lastKnownFileType = sourcecode.swift; path = ButtonUIButton.swift; sourceTree = "<group>"; };
		2BED9FE7292C118800BB8722 /* UsernameUITextField.swift */ = {isa = PBXFileReference; lastKnownFileType = sourcecode.swift; path = UsernameUITextField.swift; sourceTree = "<group>"; };
		2BED9FE9292C79E600BB8722 /* FollowersUICollectionViewViewController.swift */ = {isa = PBXFileReference; lastKnownFileType = sourcecode.swift; path = FollowersUICollectionViewViewController.swift; sourceTree = "<group>"; };
		2BED9FEB292C9A7700BB8722 /* TitleUILabel.swift */ = {isa = PBXFileReference; lastKnownFileType = sourcecode.swift; path = TitleUILabel.swift; sourceTree = "<group>"; };
		2BED9FED292C9E0100BB8722 /* BodyUILabel.swift */ = {isa = PBXFileReference; lastKnownFileType = sourcecode.swift; path = BodyUILabel.swift; sourceTree = "<group>"; };
		2BED9FEF292C9F7800BB8722 /* AlertUIViewController.swift */ = {isa = PBXFileReference; lastKnownFileType = sourcecode.swift; path = AlertUIViewController.swift; sourceTree = "<group>"; };
		2BED9FF1292CB31600BB8722 /* ExtensionUIViewcontroller.swift */ = {isa = PBXFileReference; lastKnownFileType = sourcecode.swift; path = ExtensionUIViewcontroller.swift; sourceTree = "<group>"; };
		2BED9FF5292DC0F500BB8722 /* ContainerUIView.swift */ = {isa = PBXFileReference; lastKnownFileType = sourcecode.swift; path = ContainerUIView.swift; sourceTree = "<group>"; };
		2BED9FF7292EAE9700BB8722 /* FollowerModel.swift */ = {isa = PBXFileReference; lastKnownFileType = sourcecode.swift; path = FollowerModel.swift; sourceTree = "<group>"; };
		2BED9FF9292EB34100BB8722 /* UserModel.swift */ = {isa = PBXFileReference; lastKnownFileType = sourcecode.swift; path = UserModel.swift; sourceTree = "<group>"; };
		2BED9FFB292EB93500BB8722 /* NetworkSingleton.swift */ = {isa = PBXFileReference; lastKnownFileType = sourcecode.swift; path = NetworkSingleton.swift; sourceTree = "<group>"; };
		2BED9FFF292F1B0C00BB8722 /* ErrorMessageEnum.swift */ = {isa = PBXFileReference; lastKnownFileType = sourcecode.swift; path = ErrorMessageEnum.swift; sourceTree = "<group>"; };
		2BEDA0042930B32E00BB8722 /* FollowerCollectionViewCell.swift */ = {isa = PBXFileReference; lastKnownFileType = sourcecode.swift; path = FollowerCollectionViewCell.swift; sourceTree = "<group>"; };
		2BEDA0062930B49700BB8722 /* AvatarUIImageView.swift */ = {isa = PBXFileReference; lastKnownFileType = sourcecode.swift; path = AvatarUIImageView.swift; sourceTree = "<group>"; };
/* End PBXFileReference section */

/* Begin PBXFrameworksBuildPhase section */
		2B9244032921FD7B005FA5C1 /* Frameworks */ = {
			isa = PBXFrameworksBuildPhase;
			buildActionMask = 2147483647;
			files = (
			);
			runOnlyForDeploymentPostprocessing = 0;
		};
/* End PBXFrameworksBuildPhase section */

/* Begin PBXGroup section */
		2B9243FD2921FD7B005FA5C1 = {
			isa = PBXGroup;
			children = (
				2B9244082921FD7B005FA5C1 /* Github Followers */,
				2B9244072921FD7B005FA5C1 /* Products */,
			);
			sourceTree = "<group>";
		};
		2B9244072921FD7B005FA5C1 /* Products */ = {
			isa = PBXGroup;
			children = (
				2B9244062921FD7B005FA5C1 /* Github Followers.app */,
			);
			name = Products;
			sourceTree = "<group>";
		};
		2B9244082921FD7B005FA5C1 /* Github Followers */ = {
			isa = PBXGroup;
			children = (
				2BEDA0022930A9F000BB8722 /* Extensions */,
				2BEDA001292F1B1200BB8722 /* Enums */,
				2BED9FFE292EB97300BB8722 /* Singletons */,
				2BED9FFD292EB94700BB8722 /* Models */,
				2B9244092921FD7B005FA5C1 /* AppDelegate.swift */,
				2B92440B2921FD7B005FA5C1 /* SceneDelegate.swift */,
				2B9244122921FD80005FA5C1 /* Assets.xcassets */,
				2B9244142921FD80005FA5C1 /* LaunchScreen.storyboard */,
				2B9244172921FD80005FA5C1 /* Info.plist */,
				2BED9FF3292DBC4E00BB8722 /* UIViewControllers */,
				2BED9FF4292DBC9C00BB8722 /* UIViews */,
			);
			path = "Github Followers";
			sourceTree = "<group>";
		};
		2BED9FF3292DBC4E00BB8722 /* UIViewControllers */ = {
			isa = PBXGroup;
			children = (
				2BED9FE9292C79E600BB8722 /* FollowersUICollectionViewViewController.swift */,
				2BED9FE3292751C400BB8722 /* SearchUIViewController.swift */,
				2BED9FEF292C9F7800BB8722 /* AlertUIViewController.swift */,
				2BED9FE12927518100BB8722 /* FavoritesUIViewController.swift */,
			);
			path = UIViewControllers;
			sourceTree = "<group>";
		};
		2BED9FF4292DBC9C00BB8722 /* UIViews */ = {
			isa = PBXGroup;
			children = (
				2BEDA0082930B4BC00BB8722 /* UILabels */,
				2BEDA0032930B2E900BB8722 /* UICollectionViews */,
				2BED9FE5292B57CD00BB8722 /* ButtonUIButton.swift */,
				2BED9FE7292C118800BB8722 /* UsernameUITextField.swift */,
				2BED9FF5292DC0F500BB8722 /* ContainerUIView.swift */,
				2BEDA0062930B49700BB8722 /* AvatarUIImageView.swift */,
			);
			path = UIViews;
			sourceTree = "<group>";
		};
		2BED9FFD292EB94700BB8722 /* Models */ = {
			isa = PBXGroup;
			children = (
				2BED9FF7292EAE9700BB8722 /* FollowerModel.swift */,
				2BED9FF9292EB34100BB8722 /* UserModel.swift */,
			);
			path = Models;
			sourceTree = "<group>";
		};
		2BED9FFE292EB97300BB8722 /* Singletons */ = {
			isa = PBXGroup;
			children = (
				2BED9FFB292EB93500BB8722 /* NetworkSingleton.swift */,
			);
			path = Singletons;
			sourceTree = "<group>";
		};
		2BEDA001292F1B1200BB8722 /* Enums */ = {
			isa = PBXGroup;
			children = (
				2BED9FFF292F1B0C00BB8722 /* ErrorMessageEnum.swift */,
			);
			path = Enums;
			sourceTree = "<group>";
		};
		2BEDA0022930A9F000BB8722 /* Extensions */ = {
			isa = PBXGroup;
			children = (
				2BED9FF1292CB31600BB8722 /* ExtensionUIViewcontroller.swift */,
			);
			path = Extensions;
			sourceTree = "<group>";
		};
		2BEDA0032930B2E900BB8722 /* UICollectionViews */ = {
			isa = PBXGroup;
			children = (
				2BEDA0042930B32E00BB8722 /* FollowerCollectionViewCell.swift */,
			);
			path = UICollectionViews;
			sourceTree = "<group>";
		};
		2BEDA0082930B4BC00BB8722 /* UILabels */ = {
			isa = PBXGroup;
			children = (
				2BED9FEB292C9A7700BB8722 /* TitleUILabel.swift */,
				2BED9FED292C9E0100BB8722 /* BodyUILabel.swift */,
			);
			path = UILabels;
			sourceTree = "<group>";
		};
/* End PBXGroup section */

/* Begin PBXNativeTarget section */
		2B9244052921FD7B005FA5C1 /* Github Followers */ = {
			isa = PBXNativeTarget;
			buildConfigurationList = 2B92441A2921FD80005FA5C1 /* Build configuration list for PBXNativeTarget "Github Followers" */;
			buildPhases = (
				2B9244022921FD7B005FA5C1 /* Sources */,
				2B9244032921FD7B005FA5C1 /* Frameworks */,
				2B9244042921FD7B005FA5C1 /* Resources */,
			);
			buildRules = (
			);
			dependencies = (
			);
			name = "Github Followers";
			productName = "Github Followers";
			productReference = 2B9244062921FD7B005FA5C1 /* Github Followers.app */;
			productType = "com.apple.product-type.application";
		};
/* End PBXNativeTarget section */

/* Begin PBXProject section */
		2B9243FE2921FD7B005FA5C1 /* Project object */ = {
			isa = PBXProject;
			attributes = {
				BuildIndependentTargetsInParallel = 1;
				LastSwiftUpdateCheck = 1410;
				LastUpgradeCheck = 1410;
				TargetAttributes = {
					2B9244052921FD7B005FA5C1 = {
						CreatedOnToolsVersion = 14.1;
					};
				};
			};
			buildConfigurationList = 2B9244012921FD7B005FA5C1 /* Build configuration list for PBXProject "Github Followers" */;
			compatibilityVersion = "Xcode 14.0";
			developmentRegion = en;
			hasScannedForEncodings = 0;
			knownRegions = (
				en,
				Base,
			);
			mainGroup = 2B9243FD2921FD7B005FA5C1;
			productRefGroup = 2B9244072921FD7B005FA5C1 /* Products */;
			projectDirPath = "";
			projectRoot = "";
			targets = (
				2B9244052921FD7B005FA5C1 /* Github Followers */,
			);
		};
/* End PBXProject section */

/* Begin PBXResourcesBuildPhase section */
		2B9244042921FD7B005FA5C1 /* Resources */ = {
			isa = PBXResourcesBuildPhase;
			buildActionMask = 2147483647;
			files = (
				2B9244162921FD80005FA5C1 /* LaunchScreen.storyboard in Resources */,
				2B9244132921FD80005FA5C1 /* Assets.xcassets in Resources */,
			);
			runOnlyForDeploymentPostprocessing = 0;
		};
/* End PBXResourcesBuildPhase section */

/* Begin PBXSourcesBuildPhase section */
		2B9244022921FD7B005FA5C1 /* Sources */ = {
			isa = PBXSourcesBuildPhase;
			buildActionMask = 2147483647;
			files = (
				2BED9FFC292EB93500BB8722 /* NetworkSingleton.swift in Sources */,
				2BEDA0072930B49700BB8722 /* AvatarUIImageView.swift in Sources */,
				2BED9FE4292751C400BB8722 /* SearchUIViewController.swift in Sources */,
				2B92440A2921FD7B005FA5C1 /* AppDelegate.swift in Sources */,
				2BED9FE22927518100BB8722 /* FavoritesUIViewController.swift in Sources */,
				2BED9FEA292C79E600BB8722 /* FollowersUICollectionViewViewController.swift in Sources */,
				2BEDA000292F1B0C00BB8722 /* ErrorMessageEnum.swift in Sources */,
				2B92440C2921FD7B005FA5C1 /* SceneDelegate.swift in Sources */,
				2BED9FF8292EAE9700BB8722 /* FollowerModel.swift in Sources */,
				2BEDA0052930B32E00BB8722 /* FollowerCollectionViewCell.swift in Sources */,
				2BED9FF0292C9F7800BB8722 /* AlertUIViewController.swift in Sources */,
				2BED9FEE292C9E0100BB8722 /* BodyUILabel.swift in Sources */,
				2BED9FFA292EB34100BB8722 /* UserModel.swift in Sources */,
				2BED9FF2292CB31600BB8722 /* ExtensionUIViewcontroller.swift in Sources */,
				2BED9FF6292DC0F500BB8722 /* ContainerUIView.swift in Sources */,
				2BED9FEC292C9A7700BB8722 /* TitleUILabel.swift in Sources */,
				2BED9FE8292C118800BB8722 /* UsernameUITextField.swift in Sources */,
				2BED9FE6292B57CD00BB8722 /* ButtonUIButton.swift in Sources */,
			);
			runOnlyForDeploymentPostprocessing = 0;
		};
/* End PBXSourcesBuildPhase section */

/* Begin PBXVariantGroup section */
		2B9244142921FD80005FA5C1 /* LaunchScreen.storyboard */ = {
			isa = PBXVariantGroup;
			children = (
				2B9244152921FD80005FA5C1 /* Base */,
			);
			name = LaunchScreen.storyboard;
			sourceTree = "<group>";
		};
/* End PBXVariantGroup section */

/* Begin XCBuildConfiguration section */
		2B9244182921FD80005FA5C1 /* Debug */ = {
			isa = XCBuildConfiguration;
			buildSettings = {
				ALWAYS_SEARCH_USER_PATHS = NO;
				CLANG_ANALYZER_NONNULL = YES;
				CLANG_ANALYZER_NUMBER_OBJECT_CONVERSION = YES_AGGRESSIVE;
				CLANG_CXX_LANGUAGE_STANDARD = "gnu++20";
				CLANG_ENABLE_MODULES = YES;
				CLANG_ENABLE_OBJC_ARC = YES;
				CLANG_ENABLE_OBJC_WEAK = YES;
				CLANG_WARN_BLOCK_CAPTURE_AUTORELEASING = YES;
				CLANG_WARN_BOOL_CONVERSION = YES;
				CLANG_WARN_COMMA = YES;
				CLANG_WARN_CONSTANT_CONVERSION = YES;
				CLANG_WARN_DEPRECATED_OBJC_IMPLEMENTATIONS = YES;
				CLANG_WARN_DIRECT_OBJC_ISA_USAGE = YES_ERROR;
				CLANG_WARN_DOCUMENTATION_COMMENTS = YES;
				CLANG_WARN_EMPTY_BODY = YES;
				CLANG_WARN_ENUM_CONVERSION = YES;
				CLANG_WARN_INFINITE_RECURSION = YES;
				CLANG_WARN_INT_CONVERSION = YES;
				CLANG_WARN_NON_LITERAL_NULL_CONVERSION = YES;
				CLANG_WARN_OBJC_IMPLICIT_RETAIN_SELF = YES;
				CLANG_WARN_OBJC_LITERAL_CONVERSION = YES;
				CLANG_WARN_OBJC_ROOT_CLASS = YES_ERROR;
				CLANG_WARN_QUOTED_INCLUDE_IN_FRAMEWORK_HEADER = YES;
				CLANG_WARN_RANGE_LOOP_ANALYSIS = YES;
				CLANG_WARN_STRICT_PROTOTYPES = YES;
				CLANG_WARN_SUSPICIOUS_MOVE = YES;
				CLANG_WARN_UNGUARDED_AVAILABILITY = YES_AGGRESSIVE;
				CLANG_WARN_UNREACHABLE_CODE = YES;
				CLANG_WARN__DUPLICATE_METHOD_MATCH = YES;
				COPY_PHASE_STRIP = NO;
				DEBUG_INFORMATION_FORMAT = dwarf;
				ENABLE_STRICT_OBJC_MSGSEND = YES;
				ENABLE_TESTABILITY = YES;
				GCC_C_LANGUAGE_STANDARD = gnu11;
				GCC_DYNAMIC_NO_PIC = NO;
				GCC_NO_COMMON_BLOCKS = YES;
				GCC_OPTIMIZATION_LEVEL = 0;
				GCC_PREPROCESSOR_DEFINITIONS = (
					"DEBUG=1",
					"$(inherited)",
				);
				GCC_WARN_64_TO_32_BIT_CONVERSION = YES;
				GCC_WARN_ABOUT_RETURN_TYPE = YES_ERROR;
				GCC_WARN_UNDECLARED_SELECTOR = YES;
				GCC_WARN_UNINITIALIZED_AUTOS = YES_AGGRESSIVE;
				GCC_WARN_UNUSED_FUNCTION = YES;
				GCC_WARN_UNUSED_VARIABLE = YES;
				IPHONEOS_DEPLOYMENT_TARGET = 16.1;
				MTL_ENABLE_DEBUG_INFO = INCLUDE_SOURCE;
				MTL_FAST_MATH = YES;
				ONLY_ACTIVE_ARCH = YES;
				SDKROOT = iphoneos;
				SWIFT_ACTIVE_COMPILATION_CONDITIONS = DEBUG;
				SWIFT_OPTIMIZATION_LEVEL = "-Onone";
			};
			name = Debug;
		};
		2B9244192921FD80005FA5C1 /* Release */ = {
			isa = XCBuildConfiguration;
			buildSettings = {
				ALWAYS_SEARCH_USER_PATHS = NO;
				CLANG_ANALYZER_NONNULL = YES;
				CLANG_ANALYZER_NUMBER_OBJECT_CONVERSION = YES_AGGRESSIVE;
				CLANG_CXX_LANGUAGE_STANDARD = "gnu++20";
				CLANG_ENABLE_MODULES = YES;
				CLANG_ENABLE_OBJC_ARC = YES;
				CLANG_ENABLE_OBJC_WEAK = YES;
				CLANG_WARN_BLOCK_CAPTURE_AUTORELEASING = YES;
				CLANG_WARN_BOOL_CONVERSION = YES;
				CLANG_WARN_COMMA = YES;
				CLANG_WARN_CONSTANT_CONVERSION = YES;
				CLANG_WARN_DEPRECATED_OBJC_IMPLEMENTATIONS = YES;
				CLANG_WARN_DIRECT_OBJC_ISA_USAGE = YES_ERROR;
				CLANG_WARN_DOCUMENTATION_COMMENTS = YES;
				CLANG_WARN_EMPTY_BODY = YES;
				CLANG_WARN_ENUM_CONVERSION = YES;
				CLANG_WARN_INFINITE_RECURSION = YES;
				CLANG_WARN_INT_CONVERSION = YES;
				CLANG_WARN_NON_LITERAL_NULL_CONVERSION = YES;
				CLANG_WARN_OBJC_IMPLICIT_RETAIN_SELF = YES;
				CLANG_WARN_OBJC_LITERAL_CONVERSION = YES;
				CLANG_WARN_OBJC_ROOT_CLASS = YES_ERROR;
				CLANG_WARN_QUOTED_INCLUDE_IN_FRAMEWORK_HEADER = YES;
				CLANG_WARN_RANGE_LOOP_ANALYSIS = YES;
				CLANG_WARN_STRICT_PROTOTYPES = YES;
				CLANG_WARN_SUSPICIOUS_MOVE = YES;
				CLANG_WARN_UNGUARDED_AVAILABILITY = YES_AGGRESSIVE;
				CLANG_WARN_UNREACHABLE_CODE = YES;
				CLANG_WARN__DUPLICATE_METHOD_MATCH = YES;
				COPY_PHASE_STRIP = NO;
				DEBUG_INFORMATION_FORMAT = "dwarf-with-dsym";
				ENABLE_NS_ASSERTIONS = NO;
				ENABLE_STRICT_OBJC_MSGSEND = YES;
				GCC_C_LANGUAGE_STANDARD = gnu11;
				GCC_NO_COMMON_BLOCKS = YES;
				GCC_WARN_64_TO_32_BIT_CONVERSION = YES;
				GCC_WARN_ABOUT_RETURN_TYPE = YES_ERROR;
				GCC_WARN_UNDECLARED_SELECTOR = YES;
				GCC_WARN_UNINITIALIZED_AUTOS = YES_AGGRESSIVE;
				GCC_WARN_UNUSED_FUNCTION = YES;
				GCC_WARN_UNUSED_VARIABLE = YES;
				IPHONEOS_DEPLOYMENT_TARGET = 16.1;
				MTL_ENABLE_DEBUG_INFO = NO;
				MTL_FAST_MATH = YES;
				SDKROOT = iphoneos;
				SWIFT_COMPILATION_MODE = wholemodule;
				SWIFT_OPTIMIZATION_LEVEL = "-O";
				VALIDATE_PRODUCT = YES;
			};
			name = Release;
		};
		2B92441B2921FD80005FA5C1 /* Debug */ = {
			isa = XCBuildConfiguration;
			buildSettings = {
				ASSETCATALOG_COMPILER_APPICON_NAME = AppIcon;
				ASSETCATALOG_COMPILER_GLOBAL_ACCENT_COLOR_NAME = AccentColor;
				CODE_SIGN_STYLE = Automatic;
				CURRENT_PROJECT_VERSION = 1;
				DEVELOPMENT_TEAM = MUV3A7R788;
				GENERATE_INFOPLIST_FILE = YES;
				INFOPLIST_FILE = "Github Followers/Info.plist";
				INFOPLIST_KEY_UIApplicationSupportsIndirectInputEvents = YES;
				INFOPLIST_KEY_UILaunchStoryboardName = LaunchScreen;
				INFOPLIST_KEY_UIMainStoryboardFile = "";
				INFOPLIST_KEY_UISupportedInterfaceOrientations = UIInterfaceOrientationPortrait;
				IPHONEOS_DEPLOYMENT_TARGET = 15.0;
				LD_RUNPATH_SEARCH_PATHS = (
					"$(inherited)",
					"@executable_path/Frameworks",
				);
				MARKETING_VERSION = 1.0;
				PRODUCT_BUNDLE_IDENTIFIER = "com.timsonner.Github-Followers";
				PRODUCT_NAME = "$(TARGET_NAME)";
				SWIFT_EMIT_LOC_STRINGS = YES;
				SWIFT_VERSION = 5.0;
				TARGETED_DEVICE_FAMILY = "1,2";
			};
			name = Debug;
		};
		2B92441C2921FD80005FA5C1 /* Release */ = {
			isa = XCBuildConfiguration;
			buildSettings = {
				ASSETCATALOG_COMPILER_APPICON_NAME = AppIcon;
				ASSETCATALOG_COMPILER_GLOBAL_ACCENT_COLOR_NAME = AccentColor;
				CODE_SIGN_STYLE = Automatic;
				CURRENT_PROJECT_VERSION = 1;
				DEVELOPMENT_TEAM = MUV3A7R788;
				GENERATE_INFOPLIST_FILE = YES;
				INFOPLIST_FILE = "Github Followers/Info.plist";
				INFOPLIST_KEY_UIApplicationSupportsIndirectInputEvents = YES;
				INFOPLIST_KEY_UILaunchStoryboardName = LaunchScreen;
				INFOPLIST_KEY_UIMainStoryboardFile = "";
				INFOPLIST_KEY_UISupportedInterfaceOrientations = UIInterfaceOrientationPortrait;
				IPHONEOS_DEPLOYMENT_TARGET = 15.0;
				LD_RUNPATH_SEARCH_PATHS = (
					"$(inherited)",
					"@executable_path/Frameworks",
				);
				MARKETING_VERSION = 1.0;
				PRODUCT_BUNDLE_IDENTIFIER = "com.timsonner.Github-Followers";
				PRODUCT_NAME = "$(TARGET_NAME)";
				SWIFT_EMIT_LOC_STRINGS = YES;
				SWIFT_VERSION = 5.0;
				TARGETED_DEVICE_FAMILY = "1,2";
			};
			name = Release;
		};
/* End XCBuildConfiguration section */

/* Begin XCConfigurationList section */
		2B9244012921FD7B005FA5C1 /* Build configuration list for PBXProject "Github Followers" */ = {
			isa = XCConfigurationList;
			buildConfigurations = (
				2B9244182921FD80005FA5C1 /* Debug */,
				2B9244192921FD80005FA5C1 /* Release */,
			);
			defaultConfigurationIsVisible = 0;
			defaultConfigurationName = Release;
		};
		2B92441A2921FD80005FA5C1 /* Build configuration list for PBXNativeTarget "Github Followers" */ = {
			isa = XCConfigurationList;
			buildConfigurations = (
				2B92441B2921FD80005FA5C1 /* Debug */,
				2B92441C2921FD80005FA5C1 /* Release */,
			);
			defaultConfigurationIsVisible = 0;
			defaultConfigurationName = Release;
		};
/* End XCConfigurationList section */
	};
	rootObject = 2B9243FE2921FD7B005FA5C1 /* Project object */;
}
